
Microsoft Visual Studio Solution File, Format Version 12.00
# Visual Studio Version 17
VisualStudioVersion = 17.9.34622.214
MinimumVisualStudioVersion = 10.0.40219.1
Project("{888888A0-9F3D-457C-B088-3A5042F75D52}") = "ORC-RAMON", "ORC-RAMON.pyproj", "{4F5FAA51-4745-4FE0-B228-144814C19EE8}"
EndProject
Global
	GlobalSection(SolutionConfigurationPlatforms) = preSolution
		Debug|Any CPU = Debug|Any CPU
		Release|Any CPU = Release|Any CPU
	EndGlobalSection
	GlobalSection(ProjectConfigurationPlatforms) = postSolution
		{4F5FAA51-4745-4FE0-B228-144814C19EE8}.Debug|Any CPU.ActiveCfg = Debug|Any CPU
		{4F5FAA51-4745-4FE0-B228-144814C19EE8}.Release|Any CPU.ActiveCfg = Release|Any CPU
	EndGlobalSection
	GlobalSection(SolutionProperties) = preSolution
		HideSolutionNode = FALSE
	EndGlobalSection
	GlobalSection(ExtensibilityGlobals) = postSolution
		SolutionGuid = {B95D7A75-B3C2-4776-AC81-C260F6AF7494}
	EndGlobalSection
EndGlobal
